// !$*UTF8*$!
{
	archiveVersion = 1;
	classes = {
	};
	objectVersion = 46;
	objects = {

/* Begin PBXBuildFile section */
		B32CC4E31F172ADD00AC9F60 /* OpenGL.framework in Frameworks */ = {isa = PBXBuildFile; fileRef = B32CC4E21F172ADD00AC9F60 /* OpenGL.framework */; };
		B37FFA321F28767A00D351CF /* app.c in Sources */ = {isa = PBXBuildFile; fileRef = B37FFA2C1F28767A00D351CF /* app.c */; };
		B37FFA331F28767A00D351CF /* cocoa.m in Sources */ = {isa = PBXBuildFile; fileRef = B37FFA2E1F28767A00D351CF /* cocoa.m */; };
		B37FFA341F28767A00D351CF /* vc3d.c in Sources */ = {isa = PBXBuildFile; fileRef = B37FFA301F28767A00D351CF /* vc3d.c */; };
		B39F15151F28792C00EF4186 /* cocoa.gl.icns in Resources */ = {isa = PBXBuildFile; fileRef = B39F15141F28792C00EF4186 /* cocoa.gl.icns */; };
/* End PBXBuildFile section */

/* Begin PBXFileReference section */
		B32CC4E21F172ADD00AC9F60 /* OpenGL.framework */ = {isa = PBXFileReference; lastKnownFileType = wrapper.framework; name = OpenGL.framework; path = System/Library/Frameworks/OpenGL.framework; sourceTree = SDKROOT; };
		B37FFA291F28766700D351CF /* info.plist */ = {isa = PBXFileReference; fileEncoding = 4; lastKnownFileType = text.plist.xml; name = info.plist; path = src/info.plist; sourceTree = "<group>"; };
		B37FFA2C1F28767A00D351CF /* app.c */ = {isa = PBXFileReference; fileEncoding = 4; lastKnownFileType = sourcecode.c.c; name = app.c; path = src/app.c; sourceTree = "<group>"; };
		B37FFA2D1F28767A00D351CF /* app.h */ = {isa = PBXFileReference; fileEncoding = 4; lastKnownFileType = sourcecode.c.h; name = app.h; path = src/app.h; sourceTree = "<group>"; };
		B37FFA2E1F28767A00D351CF /* cocoa.m */ = {isa = PBXFileReference; fileEncoding = 4; lastKnownFileType = sourcecode.c.objc; name = cocoa.m; path = src/cocoa.m; sourceTree = "<group>"; };
		B37FFA2F1F28767A00D351CF /* keyboard.h */ = {isa = PBXFileReference; fileEncoding = 4; lastKnownFileType = sourcecode.c.h; name = keyboard.h; path = src/keyboard.h; sourceTree = "<group>"; };
		B37FFA301F28767A00D351CF /* vc3d.c */ = {isa = PBXFileReference; fileEncoding = 4; lastKnownFileType = sourcecode.c.c; name = vc3d.c; path = src/vc3d.c; sourceTree = "<group>"; };
		B37FFA311F28767A00D351CF /* vc3d.h */ = {isa = PBXFileReference; fileEncoding = 4; lastKnownFileType = sourcecode.c.h; name = vc3d.h; path = src/vc3d.h; sourceTree = "<group>"; };
		B39F15141F28792C00EF4186 /* cocoa.gl.icns */ = {isa = PBXFileReference; lastKnownFileType = image.icns; name = cocoa.gl.icns; path = src/cocoa.gl.icns; sourceTree = "<group>"; };
		B3DE1EF31F10B1B3000C223D /* app.cocoa.gl.app */ = {isa = PBXFileReference; explicitFileType = wrapper.application; includeInIndex = 0; path = app.cocoa.gl.app; sourceTree = BUILT_PRODUCTS_DIR; };
/* End PBXFileReference section */

/* Begin PBXFrameworksBuildPhase section */
		B3DE1EF01F10B1B3000C223D /* Frameworks */ = {
			isa = PBXFrameworksBuildPhase;
			buildActionMask = 2147483647;
			files = (
				B32CC4E31F172ADD00AC9F60 /* OpenGL.framework in Frameworks */,
			);
			runOnlyForDeploymentPostprocessing = 0;
		};
/* End PBXFrameworksBuildPhase section */

/* Begin PBXGroup section */
		B32CC4DB1F17291800AC9F60 /* res */ = {
			isa = PBXGroup;
			children = (
				B39F15141F28792C00EF4186 /* cocoa.gl.icns */,
				B37FFA291F28766700D351CF /* info.plist */,
			);
			name = res;
			sourceTree = "<group>";
		};
		B32CC4E11F172ADD00AC9F60 /* Frameworks */ = {
			isa = PBXGroup;
			children = (
				B32CC4E21F172ADD00AC9F60 /* OpenGL.framework */,
			);
			name = Frameworks;
			sourceTree = "<group>";
		};
		B3D988901F11C77200A616F1 /* src */ = {
			isa = PBXGroup;
			children = (
				B37FFA2C1F28767A00D351CF /* app.c */,
				B37FFA2D1F28767A00D351CF /* app.h */,
				B37FFA2E1F28767A00D351CF /* cocoa.m */,
				B37FFA2F1F28767A00D351CF /* keyboard.h */,
				B37FFA301F28767A00D351CF /* vc3d.c */,
				B37FFA311F28767A00D351CF /* vc3d.h */,
			);
			name = src;
			sourceTree = "<group>";
		};
		B3DE1EEA1F10B1B3000C223D = {
			isa = PBXGroup;
			children = (
				B32CC4DB1F17291800AC9F60 /* res */,
				B3D988901F11C77200A616F1 /* src */,
				B3DE1EF41F10B1B3000C223D /* Products */,
				B32CC4E11F172ADD00AC9F60 /* Frameworks */,
			);
			sourceTree = "<group>";
		};
		B3DE1EF41F10B1B3000C223D /* Products */ = {
			isa = PBXGroup;
			children = (
				B3DE1EF31F10B1B3000C223D /* app.cocoa.gl.app */,
			);
			name = Products;
			sourceTree = "<group>";
		};
/* End PBXGroup section */

/* Begin PBXNativeTarget section */
		B3DE1EF21F10B1B3000C223D /* app.cocoa.gl */ = {
			isa = PBXNativeTarget;
			buildConfigurationList = B3DE1F041F10B1B3000C223D /* Build configuration list for PBXNativeTarget "app.cocoa.gl" */;
			buildPhases = (
				B3DE1EEF1F10B1B3000C223D /* Sources */,
				B3DE1EF01F10B1B3000C223D /* Frameworks */,
				B3DE1EF11F10B1B3000C223D /* Resources */,
			);
			buildRules = (
			);
			dependencies = (
			);
			name = app.cocoa.gl;
			productName = test3;
			productReference = B3DE1EF31F10B1B3000C223D /* app.cocoa.gl.app */;
			productType = "com.apple.product-type.application";
		};
/* End PBXNativeTarget section */

/* Begin PBXProject section */
		B3DE1EEB1F10B1B3000C223D /* Project object */ = {
			isa = PBXProject;
			attributes = {
				LastUpgradeCheck = 0930;
				ORGANIZATIONNAME = leo;
				TargetAttributes = {
					B3DE1EF21F10B1B3000C223D = {
						CreatedOnToolsVersion = 8.2.1;
						ProvisioningStyle = Automatic;
					};
				};
			};
			buildConfigurationList = B3DE1EEE1F10B1B3000C223D /* Build configuration list for PBXProject "cocoa.gl" */;
			compatibilityVersion = "Xcode 3.2";
			developmentRegion = English;
			hasScannedForEncodings = 0;
			knownRegions = (
				en,
				Base,
			);
			mainGroup = B3DE1EEA1F10B1B3000C223D;
			productRefGroup = B3DE1EF41F10B1B3000C223D /* Products */;
			projectDirPath = "";
			projectRoot = "";
			targets = (
				B3DE1EF21F10B1B3000C223D /* app.cocoa.gl */,
			);
		};
/* End PBXProject section */

/* Begin PBXResourcesBuildPhase section */
		B3DE1EF11F10B1B3000C223D /* Resources */ = {
			isa = PBXResourcesBuildPhase;
			buildActionMask = 2147483647;
			files = (
				B39F15151F28792C00EF4186 /* cocoa.gl.icns in Resources */,
			);
			runOnlyForDeploymentPostprocessing = 0;
		};
/* End PBXResourcesBuildPhase section */

/* Begin PBXSourcesBuildPhase section */
		B3DE1EEF1F10B1B3000C223D /* Sources */ = {
			isa = PBXSourcesBuildPhase;
			buildActionMask = 2147483647;
			files = (
				B37FFA341F28767A00D351CF /* vc3d.c in Sources */,
				B37FFA331F28767A00D351CF /* cocoa.m in Sources */,
				B37FFA321F28767A00D351CF /* app.c in Sources */,
			);
			runOnlyForDeploymentPostprocessing = 0;
		};
/* End PBXSourcesBuildPhase section */

/* Begin XCBuildConfiguration section */
		B3DE1F021F10B1B3000C223D /* Debug */ = {
			isa = XCBuildConfiguration;
			buildSettings = {
				ALWAYS_SEARCH_USER_PATHS = NO;
				CLANG_ANALYZER_NONNULL = YES;
				CLANG_CXX_LANGUAGE_STANDARD = "gnu++0x";
				CLANG_CXX_LIBRARY = "libc++";
				CLANG_ENABLE_MODULES = YES;
				CLANG_ENABLE_OBJC_ARC = YES;
				CLANG_WARN_BLOCK_CAPTURE_AUTORELEASING = YES;
				CLANG_WARN_BOOL_CONVERSION = YES;
				CLANG_WARN_COMMA = YES;
				CLANG_WARN_CONSTANT_CONVERSION = YES;
				CLANG_WARN_DEPRECATED_OBJC_IMPLEMENTATIONS = YES;
				CLANG_WARN_DIRECT_OBJC_ISA_USAGE = YES_ERROR;
				CLANG_WARN_DOCUMENTATION_COMMENTS = YES;
				CLANG_WARN_EMPTY_BODY = YES;
				CLANG_WARN_ENUM_CONVERSION = YES;
				CLANG_WARN_INFINITE_RECURSION = YES;
				CLANG_WARN_INT_CONVERSION = YES;
				CLANG_WARN_NON_LITERAL_NULL_CONVERSION = YES;
				CLANG_WARN_OBJC_IMPLICIT_RETAIN_SELF = YES;
				CLANG_WARN_OBJC_LITERAL_CONVERSION = YES;
				CLANG_WARN_OBJC_ROOT_CLASS = YES_ERROR;
				CLANG_WARN_RANGE_LOOP_ANALYSIS = YES;
				CLANG_WARN_STRICT_PROTOTYPES = NO;
				CLANG_WARN_SUSPICIOUS_MOVE = YES;
				CLANG_WARN_UNREACHABLE_CODE = YES;
				CLANG_WARN__DUPLICATE_METHOD_MATCH = YES;
				CODE_SIGN_IDENTITY = "-";
				COPY_PHASE_STRIP = NO;
				DEBUG_INFORMATION_FORMAT = dwarf;
				ENABLE_STRICT_OBJC_MSGSEND = YES;
				ENABLE_TESTABILITY = YES;
				GCC_C_LANGUAGE_STANDARD = c11;
				GCC_DYNAMIC_NO_PIC = NO;
				GCC_NO_COMMON_BLOCKS = YES;
				GCC_OPTIMIZATION_LEVEL = 0;
				GCC_PREPROCESSOR_DEFINITIONS = (
					"DEBUG=1",
					"$(inherited)",
				);
				GCC_WARN_64_TO_32_BIT_CONVERSION = YES;
				GCC_WARN_ABOUT_RETURN_TYPE = YES_ERROR;
				GCC_WARN_UNDECLARED_SELECTOR = YES;
				GCC_WARN_UNINITIALIZED_AUTOS = YES_AGGRESSIVE;
				GCC_WARN_UNUSED_FUNCTION = YES;
				GCC_WARN_UNUSED_VARIABLE = YES;
				MACOSX_DEPLOYMENT_TARGET = 10.7;
				MTL_ENABLE_DEBUG_INFO = YES;
				ONLY_ACTIVE_ARCH = YES;
				SDKROOT = macosx;
			};
			name = Debug;
		};
		B3DE1F031F10B1B3000C223D /* Release */ = {
			isa = XCBuildConfiguration;
			buildSettings = {
				ALWAYS_SEARCH_USER_PATHS = NO;
				CLANG_ANALYZER_NONNULL = YES;
				CLANG_CXX_LANGUAGE_STANDARD = "gnu++0x";
				CLANG_CXX_LIBRARY = "libc++";
				CLANG_ENABLE_MODULES = YES;
				CLANG_ENABLE_OBJC_ARC = YES;
				CLANG_WARN_BLOCK_CAPTURE_AUTORELEASING = YES;
				CLANG_WARN_BOOL_CONVERSION = YES;
				CLANG_WARN_COMMA = YES;
				CLANG_WARN_CONSTANT_CONVERSION = YES;
				CLANG_WARN_DEPRECATED_OBJC_IMPLEMENTATIONS = YES;
				CLANG_WARN_DIRECT_OBJC_ISA_USAGE = YES_ERROR;
				CLANG_WARN_DOCUMENTATION_COMMENTS = YES;
				CLANG_WARN_EMPTY_BODY = YES;
				CLANG_WARN_ENUM_CONVERSION = YES;
				CLANG_WARN_INFINITE_RECURSION = YES;
				CLANG_WARN_INT_CONVERSION = YES;
				CLANG_WARN_NON_LITERAL_NULL_CONVERSION = YES;
				CLANG_WARN_OBJC_IMPLICIT_RETAIN_SELF = YES;
				CLANG_WARN_OBJC_LITERAL_CONVERSION = YES;
				CLANG_WARN_OBJC_ROOT_CLASS = YES_ERROR;
				CLANG_WARN_RANGE_LOOP_ANALYSIS = YES;
				CLANG_WARN_STRICT_PROTOTYPES = NO;
				CLANG_WARN_SUSPICIOUS_MOVE = YES;
				CLANG_WARN_UNREACHABLE_CODE = YES;
				CLANG_WARN__DUPLICATE_METHOD_MATCH = YES;
				CODE_SIGN_IDENTITY = "-";
				COPY_PHASE_STRIP = NO;
				DEBUG_INFORMATION_FORMAT = "dwarf-with-dsym";
				ENABLE_NS_ASSERTIONS = NO;
				ENABLE_STRICT_OBJC_MSGSEND = YES;
				GCC_C_LANGUAGE_STANDARD = c11;
				GCC_NO_COMMON_BLOCKS = YES;
				GCC_WARN_64_TO_32_BIT_CONVERSION = YES;
				GCC_WARN_ABOUT_RETURN_TYPE = YES_ERROR;
				GCC_WARN_UNDECLARED_SELECTOR = YES;
				GCC_WARN_UNINITIALIZED_AUTOS = YES_AGGRESSIVE;
				GCC_WARN_UNUSED_FUNCTION = YES;
				GCC_WARN_UNUSED_VARIABLE = YES;
				MACOSX_DEPLOYMENT_TARGET = 10.7;
				MTL_ENABLE_DEBUG_INFO = NO;
				SDKROOT = macosx;
			};
			name = Release;
		};
		B3DE1F051F10B1B3000C223D /* Debug */ = {
			isa = XCBuildConfiguration;
			buildSettings = {
				COMBINE_HIDPI_IMAGES = YES;
				INFOPLIST_FILE = "$(SRCROOT)/src/info.plist";
				LD_RUNPATH_SEARCH_PATHS = "$(inherited) @executable_path/../Frameworks";
				MACOSX_DEPLOYMENT_TARGET = 10.7;
				PRODUCT_BUNDLE_IDENTIFIER = us.cod;
				PRODUCT_NAME = "$(TARGET_NAME)";
			};
			name = Debug;
		};
		B3DE1F061F10B1B3000C223D /* Release */ = {
			isa = XCBuildConfiguration;
			buildSettings = {
				COMBINE_HIDPI_IMAGES = YES;
				INFOPLIST_FILE = "$(SRCROOT)/src/info.plist";
				LD_RUNPATH_SEARCH_PATHS = "$(inherited) @executable_path/../Frameworks";
				MACOSX_DEPLOYMENT_TARGET = 10.7;
				PRODUCT_BUNDLE_IDENTIFIER = us.cod;
				PRODUCT_NAME = "$(TARGET_NAME)";
			};
			name = Release;
		};
/* End XCBuildConfiguration section */

/* Begin XCConfigurationList section */
		B3DE1EEE1F10B1B3000C223D /* Build configuration list for PBXProject "cocoa.gl" */ = {
			isa = XCConfigurationList;
			buildConfigurations = (
				B3DE1F021F10B1B3000C223D /* Debug */,
				B3DE1F031F10B1B3000C223D /* Release */,
			);
			defaultConfigurationIsVisible = 0;
			defaultConfigurationName = Release;
		};
		B3DE1F041F10B1B3000C223D /* Build configuration list for PBXNativeTarget "app.cocoa.gl" */ = {
			isa = XCConfigurationList;
			buildConfigurations = (
				B3DE1F051F10B1B3000C223D /* Debug */,
				B3DE1F061F10B1B3000C223D /* Release */,
			);
			defaultConfigurationIsVisible = 0;
			defaultConfigurationName = Release;
		};
/* End XCConfigurationList section */
	};
	rootObject = B3DE1EEB1F10B1B3000C223D /* Project object */;
}
